
Microsoft Visual Studio Solution File, Format Version 12.00
# Visual Studio Version 17
VisualStudioVersion = 17.8.34330.188
MinimumVisualStudioVersion = 10.0.40219.1
Project("{FAE04EC0-301F-11D3-BF4B-00C04F79EFBC}") = "8.Fitria T.A", "8.Fitria T.A\8.Fitria T.A.csproj", "{C946D2AC-8592-4C98-A45C-574BC66F5AE0}"
EndProject
Global
	GlobalSection(SolutionConfigurationPlatforms) = preSolution
		Debug|Any CPU = Debug|Any CPU
		Release|Any CPU = Release|Any CPU
	EndGlobalSection
	GlobalSection(ProjectConfigurationPlatforms) = postSolution
		{C946D2AC-8592-4C98-A45C-574BC66F5AE0}.Debug|Any CPU.ActiveCfg = Debug|Any CPU
		{C946D2AC-8592-4C98-A45C-574BC66F5AE0}.Debug|Any CPU.Build.0 = Debug|Any CPU
		{C946D2AC-8592-4C98-A45C-574BC66F5AE0}.Release|Any CPU.ActiveCfg = Release|Any CPU
		{C946D2AC-8592-4C98-A45C-574BC66F5AE0}.Release|Any CPU.Build.0 = Release|Any CPU
	EndGlobalSection
	GlobalSection(SolutionProperties) = preSolution
		HideSolutionNode = FALSE
	EndGlobalSection
	GlobalSection(ExtensibilityGlobals) = postSolution
		SolutionGuid = {84D0588A-0943-40D6-98FA-63AC711F3E0C}
	EndGlobalSection
EndGlobal
